
Microsoft Visual Studio Solution File, Format Version 12.00
# Visual Studio Version 17
VisualStudioVersion = 17.5.33530.505
MinimumVisualStudioVersion = 10.0.40219.1
Project("{9A19103F-16F7-4668-BE54-9A1E7A4F7556}") = "MyClipboard", "MyClipboard\MyClipboard.csproj", "{FBDCD30B-A56C-40DC-BAA6-40BF419A46D5}"
EndProject
Global
	GlobalSection(SolutionConfigurationPlatforms) = preSolution
		Debug|Any CPU = Debug|Any CPU
		Release|Any CPU = Release|Any CPU
	EndGlobalSection
	GlobalSection(ProjectConfigurationPlatforms) = postSolution
		{FBDCD30B-A56C-40DC-BAA6-40BF419A46D5}.Debug|Any CPU.ActiveCfg = Release|Any CPU
		{FBDCD30B-A56C-40DC-BAA6-40BF419A46D5}.Debug|Any CPU.Build.0 = Release|Any CPU
		{FBDCD30B-A56C-40DC-BAA6-40BF419A46D5}.Release|Any CPU.ActiveCfg = Release|Any CPU
		{FBDCD30B-A56C-40DC-BAA6-40BF419A46D5}.Release|Any CPU.Build.0 = Release|Any CPU
	EndGlobalSection
	GlobalSection(SolutionProperties) = preSolution
		HideSolutionNode = FALSE
	EndGlobalSection
	GlobalSection(ExtensibilityGlobals) = postSolution
		SolutionGuid = {92673D33-FDC1-4E04-BA3F-F97EFB3267A8}
	EndGlobalSection
EndGlobal
